# THIS IS AN AUTOGENERATED FILE. DO NOT EDIT THIS FILE DIRECTLY.
# yarn lockfile v1


react-ga@^3.2.1:
  version "3.2.1"
  resolved "https://registry.yarnpkg.com/react-ga/-/react-ga-3.2.1.tgz#ad2a6f848cc9555d63c188d37d6e11798393e4ed"
  integrity sha512-uRwNVd7seL2I2lZBE7et8Ul0r/xNDIQkZ43QmnMrcZwY8dNB5UgPjPJA6E18xFtArLgDK/dy/O0TzYqWCsMHDg==
